
Microsoft Visual Studio Solution File, Format Version 12.00
# Visual Studio Version 17
VisualStudioVersion = 17.5.33424.131
MinimumVisualStudioVersion = 10.0.40219.1
Project("{9A19103F-16F7-4668-BE54-9A1E7A4F7556}") = "Crop1", "Crop1\Crop1.csproj", "{B6B32A24-BDD3-4EA2-8466-81C37459D874}"
EndProject
Project("{9A19103F-16F7-4668-BE54-9A1E7A4F7556}") = "Crop2", "Crop2\Crop2.csproj", "{AE8B5C5A-1F60-4187-AEFC-149246E840E3}"
EndProject
Project("{FAE04EC0-301F-11D3-BF4B-00C04F79EFBC}") = "Crop3", "Crop3\Crop3.csproj", "{A35B0FEA-6D44-4D56-8363-D8BE6E52BDBC}"
EndProject
Project("{FAE04EC0-301F-11D3-BF4B-00C04F79EFBC}") = "Crop4", "Crop4\Crop4.csproj", "{728FD569-43FF-4F10-A109-C626C19B8225}"
EndProject
Global
	GlobalSection(SolutionConfigurationPlatforms) = preSolution
		Debug|Any CPU = Debug|Any CPU
		Release|Any CPU = Release|Any CPU
	EndGlobalSection
	GlobalSection(ProjectConfigurationPlatforms) = postSolution
		{B6B32A24-BDD3-4EA2-8466-81C37459D874}.Debug|Any CPU.ActiveCfg = Debug|Any CPU
		{B6B32A24-BDD3-4EA2-8466-81C37459D874}.Debug|Any CPU.Build.0 = Debug|Any CPU
		{B6B32A24-BDD3-4EA2-8466-81C37459D874}.Release|Any CPU.ActiveCfg = Release|Any CPU
		{B6B32A24-BDD3-4EA2-8466-81C37459D874}.Release|Any CPU.Build.0 = Release|Any CPU
		{AE8B5C5A-1F60-4187-AEFC-149246E840E3}.Debug|Any CPU.ActiveCfg = Debug|Any CPU
		{AE8B5C5A-1F60-4187-AEFC-149246E840E3}.Debug|Any CPU.Build.0 = Debug|Any CPU
		{AE8B5C5A-1F60-4187-AEFC-149246E840E3}.Release|Any CPU.ActiveCfg = Release|Any CPU
		{AE8B5C5A-1F60-4187-AEFC-149246E840E3}.Release|Any CPU.Build.0 = Release|Any CPU
		{A35B0FEA-6D44-4D56-8363-D8BE6E52BDBC}.Debug|Any CPU.ActiveCfg = Debug|Any CPU
		{A35B0FEA-6D44-4D56-8363-D8BE6E52BDBC}.Debug|Any CPU.Build.0 = Debug|Any CPU
		{A35B0FEA-6D44-4D56-8363-D8BE6E52BDBC}.Release|Any CPU.ActiveCfg = Release|Any CPU
		{A35B0FEA-6D44-4D56-8363-D8BE6E52BDBC}.Release|Any CPU.Build.0 = Release|Any CPU
		{728FD569-43FF-4F10-A109-C626C19B8225}.Debug|Any CPU.ActiveCfg = Debug|Any CPU
		{728FD569-43FF-4F10-A109-C626C19B8225}.Debug|Any CPU.Build.0 = Debug|Any CPU
		{728FD569-43FF-4F10-A109-C626C19B8225}.Release|Any CPU.ActiveCfg = Release|Any CPU
		{728FD569-43FF-4F10-A109-C626C19B8225}.Release|Any CPU.Build.0 = Release|Any CPU
	EndGlobalSection
	GlobalSection(SolutionProperties) = preSolution
		HideSolutionNode = FALSE
	EndGlobalSection
	GlobalSection(ExtensibilityGlobals) = postSolution
		SolutionGuid = {69AD7FE6-60DD-4A3D-A106-035D5E4BBE23}
	EndGlobalSection
EndGlobal
